
Microsoft Visual Studio Solution File, Format Version 12.00
# Visual Studio Version 17
VisualStudioVersion = 17.13.35818.85 d17.13
MinimumVisualStudioVersion = 10.0.40219.1
Project("{FAE04EC0-301F-11D3-BF4B-00C04F79EFBC}") = "DVLDAppPL", "DVLDAppPL.csproj", "{BE002EAF-A65B-48E7-BCEB-A4B90C4B5A7A}"
EndProject
Project("{FAE04EC0-301F-11D3-BF4B-00C04F79EFBC}") = "DVLDAppBLL", "..\DVLDAppBLL\DVLDAppBLL.csproj", "{AF6FAD8D-F8A2-4732-A0A2-006431C37CED}"
EndProject
Project("{FAE04EC0-301F-11D3-BF4B-00C04F79EFBC}") = "DVLDAppDAL", "..\DVLDAppDAL\DVLDAppDAL.csproj", "{88163FCD-4213-456F-860B-984D7639AB60}"
EndProject
Global
	GlobalSection(SolutionConfigurationPlatforms) = preSolution
		Debug|Any CPU = Debug|Any CPU
		Release|Any CPU = Release|Any CPU
	EndGlobalSection
	GlobalSection(ProjectConfigurationPlatforms) = postSolution
		{BE002EAF-A65B-48E7-BCEB-A4B90C4B5A7A}.Debug|Any CPU.ActiveCfg = Debug|Any CPU
		{BE002EAF-A65B-48E7-BCEB-A4B90C4B5A7A}.Debug|Any CPU.Build.0 = Debug|Any CPU
		{BE002EAF-A65B-48E7-BCEB-A4B90C4B5A7A}.Release|Any CPU.ActiveCfg = Release|Any CPU
		{BE002EAF-A65B-48E7-BCEB-A4B90C4B5A7A}.Release|Any CPU.Build.0 = Release|Any CPU
		{AF6FAD8D-F8A2-4732-A0A2-006431C37CED}.Debug|Any CPU.ActiveCfg = Debug|Any CPU
		{AF6FAD8D-F8A2-4732-A0A2-006431C37CED}.Debug|Any CPU.Build.0 = Debug|Any CPU
		{AF6FAD8D-F8A2-4732-A0A2-006431C37CED}.Release|Any CPU.ActiveCfg = Release|Any CPU
		{AF6FAD8D-F8A2-4732-A0A2-006431C37CED}.Release|Any CPU.Build.0 = Release|Any CPU
		{88163FCD-4213-456F-860B-984D7639AB60}.Debug|Any CPU.ActiveCfg = Debug|Any CPU
		{88163FCD-4213-456F-860B-984D7639AB60}.Debug|Any CPU.Build.0 = Debug|Any CPU
		{88163FCD-4213-456F-860B-984D7639AB60}.Release|Any CPU.ActiveCfg = Release|Any CPU
		{88163FCD-4213-456F-860B-984D7639AB60}.Release|Any CPU.Build.0 = Release|Any CPU
	EndGlobalSection
	GlobalSection(SolutionProperties) = preSolution
		HideSolutionNode = FALSE
	EndGlobalSection
	GlobalSection(ExtensibilityGlobals) = postSolution
		SolutionGuid = {E4C82BB4-43E1-4029-9EC6-AA5A0F683F4B}
	EndGlobalSection
EndGlobal
